
Microsoft Visual Studio Solution File, Format Version 12.00
# Visual Studio Version 16
VisualStudioVersion = 16.0.30413.136
MinimumVisualStudioVersion = 10.0.40219.1
Project("{9A19103F-16F7-4668-BE54-9A1E7A4F7556}") = "Hasebni.API", "Hasebni.API\Hasebni.API.csproj", "{245351CA-E11E-4C2E-BC99-3748BDE016AC}"
EndProject
Project("{2150E333-8FDC-42A3-9474-1A3956D46DE8}") = "API", "API", "{73CC7EA3-1076-4219-9B5C-56F871BEF943}"
EndProject
Project("{2150E333-8FDC-42A3-9474-1A3956D46DE8}") = "BoundedContext", "BoundedContext", "{155E5388-F8F2-4480-B0E9-035389DC59D7}"
EndProject
Project("{2150E333-8FDC-42A3-9474-1A3956D46DE8}") = "Infrerstructure", "Infrerstructure", "{B414D3B7-1B64-41E0-A845-2DF66483CBB0}"
EndProject
Project("{9A19103F-16F7-4668-BE54-9A1E7A4F7556}") = "Hasebni.SqlServer", "Hasebni.SqlServer\Hasebni.SqlServer.csproj", "{3B228A4D-5AF7-4AD2-B72F-CF994CA9DA7F}"
EndProject
Project("{9A19103F-16F7-4668-BE54-9A1E7A4F7556}") = "Hasebni.Model", "Hasebni.Model\Hasebni.Model.csproj", "{6C8EA21E-CEB2-4922-8244-54ED7C2E8AB8}"
EndProject
Project("{2150E333-8FDC-42A3-9474-1A3956D46DE8}") = "Base", "Base", "{F40092D9-36F9-4FAC-A27F-593E5550F616}"
EndProject
Project("{9A19103F-16F7-4668-BE54-9A1E7A4F7556}") = "Hasebni.Base", "Hasebni.Base\Hasebni.Base.csproj", "{24B15239-2AB3-473A-B43C-F16635D2FE8F}"
EndProject
Project("{2150E333-8FDC-42A3-9474-1A3956D46DE8}") = "Main", "Main", "{42CB1C73-96C0-43B5-9C8B-43056AAE4DE6}"
EndProject
Project("{2150E333-8FDC-42A3-9474-1A3956D46DE8}") = "Security", "Security", "{5A62E2C0-F8BA-49D5-B4A9-C81550331BD2}"
EndProject
Project("{9A19103F-16F7-4668-BE54-9A1E7A4F7556}") = "Hasebni.Security.Data", "Hasebni.Security.Data\Hasebni.Security.Data.csproj", "{FFAFB029-FA6C-45C0-94BF-66A6148164A2}"
EndProject
Project("{9A19103F-16F7-4668-BE54-9A1E7A4F7556}") = "Hasebni.Security.Idata", "Hasebni.Security.Idata\Hasebni.Security.Idata.csproj", "{B69E6C34-5F36-4902-94EC-3B6AAC6924B0}"
EndProject
Project("{9A19103F-16F7-4668-BE54-9A1E7A4F7556}") = "Hasebni.Security.Dto", "Hasebni.Security.Dto\Hasebni.Security.Dto.csproj", "{0D03ABC5-72A1-4263-B2DA-769C2768C0AA}"
EndProject
Project("{2150E333-8FDC-42A3-9474-1A3956D46DE8}") = "SharedKernal", "SharedKernal", "{C706B5AC-4438-4287-B6F4-082F185A8BD1}"
EndProject
Project("{9A19103F-16F7-4668-BE54-9A1E7A4F7556}") = "Hasebni.SharedKernal", "Hasebni.SharedKernal\Hasebni.SharedKernal.csproj", "{F6F688E5-E6FC-4746-BF04-CE648D8A9431}"
EndProject
Project("{2150E333-8FDC-42A3-9474-1A3956D46DE8}") = "UI", "UI", "{84378EFE-C02B-4C50-821A-E0DEA4CEE7B2}"
EndProject
Project("{9A19103F-16F7-4668-BE54-9A1E7A4F7556}") = "Hasebni.Dashboard", "Hasebni.Dashboard\Hasebni.Dashboard.csproj", "{BBD6B01A-F731-469D-B1FB-833F9E0618DE}"
EndProject
Project("{9A19103F-16F7-4668-BE54-9A1E7A4F7556}") = "Hasebni.Main.Dto", "Hasebni.Main.Dto\Hasebni.Main.Dto.csproj", "{C76D7214-713E-468C-BD17-035BCE9A8B8C}"
EndProject
Project("{9A19103F-16F7-4668-BE54-9A1E7A4F7556}") = "Hasebni.Main.Idata", "Hasebni.Main.Idata\Hasebni.Main.Idata.csproj", "{CDBD437F-ED66-4CB4-9D0A-CCB9F92F12A8}"
EndProject
Project("{9A19103F-16F7-4668-BE54-9A1E7A4F7556}") = "Hasebni.Main.Data", "Hasebni.Main.Data\Hasebni.Main.Data.csproj", "{128E04A3-D129-4DC8-BB74-11F6A541C17F}"
EndProject
Global
	GlobalSection(SolutionConfigurationPlatforms) = preSolution
		Debug|Any CPU = Debug|Any CPU
		Release|Any CPU = Release|Any CPU
	EndGlobalSection
	GlobalSection(ProjectConfigurationPlatforms) = postSolution
		{245351CA-E11E-4C2E-BC99-3748BDE016AC}.Debug|Any CPU.ActiveCfg = Debug|Any CPU
		{245351CA-E11E-4C2E-BC99-3748BDE016AC}.Debug|Any CPU.Build.0 = Debug|Any CPU
		{245351CA-E11E-4C2E-BC99-3748BDE016AC}.Release|Any CPU.ActiveCfg = Release|Any CPU
		{245351CA-E11E-4C2E-BC99-3748BDE016AC}.Release|Any CPU.Build.0 = Release|Any CPU
		{3B228A4D-5AF7-4AD2-B72F-CF994CA9DA7F}.Debug|Any CPU.ActiveCfg = Debug|Any CPU
		{3B228A4D-5AF7-4AD2-B72F-CF994CA9DA7F}.Debug|Any CPU.Build.0 = Debug|Any CPU
		{3B228A4D-5AF7-4AD2-B72F-CF994CA9DA7F}.Release|Any CPU.ActiveCfg = Release|Any CPU
		{3B228A4D-5AF7-4AD2-B72F-CF994CA9DA7F}.Release|Any CPU.Build.0 = Release|Any CPU
		{6C8EA21E-CEB2-4922-8244-54ED7C2E8AB8}.Debug|Any CPU.ActiveCfg = Debug|Any CPU
		{6C8EA21E-CEB2-4922-8244-54ED7C2E8AB8}.Debug|Any CPU.Build.0 = Debug|Any CPU
		{6C8EA21E-CEB2-4922-8244-54ED7C2E8AB8}.Release|Any CPU.ActiveCfg = Release|Any CPU
		{6C8EA21E-CEB2-4922-8244-54ED7C2E8AB8}.Release|Any CPU.Build.0 = Release|Any CPU
		{24B15239-2AB3-473A-B43C-F16635D2FE8F}.Debug|Any CPU.ActiveCfg = Debug|Any CPU
		{24B15239-2AB3-473A-B43C-F16635D2FE8F}.Debug|Any CPU.Build.0 = Debug|Any CPU
		{24B15239-2AB3-473A-B43C-F16635D2FE8F}.Release|Any CPU.ActiveCfg = Release|Any CPU
		{24B15239-2AB3-473A-B43C-F16635D2FE8F}.Release|Any CPU.Build.0 = Release|Any CPU
		{FFAFB029-FA6C-45C0-94BF-66A6148164A2}.Debug|Any CPU.ActiveCfg = Debug|Any CPU
		{FFAFB029-FA6C-45C0-94BF-66A6148164A2}.Debug|Any CPU.Build.0 = Debug|Any CPU
		{FFAFB029-FA6C-45C0-94BF-66A6148164A2}.Release|Any CPU.ActiveCfg = Release|Any CPU
		{FFAFB029-FA6C-45C0-94BF-66A6148164A2}.Release|Any CPU.Build.0 = Release|Any CPU
		{B69E6C34-5F36-4902-94EC-3B6AAC6924B0}.Debug|Any CPU.ActiveCfg = Debug|Any CPU
		{B69E6C34-5F36-4902-94EC-3B6AAC6924B0}.Debug|Any CPU.Build.0 = Debug|Any CPU
		{B69E6C34-5F36-4902-94EC-3B6AAC6924B0}.Release|Any CPU.ActiveCfg = Release|Any CPU
		{B69E6C34-5F36-4902-94EC-3B6AAC6924B0}.Release|Any CPU.Build.0 = Release|Any CPU
		{0D03ABC5-72A1-4263-B2DA-769C2768C0AA}.Debug|Any CPU.ActiveCfg = Debug|Any CPU
		{0D03ABC5-72A1-4263-B2DA-769C2768C0AA}.Debug|Any CPU.Build.0 = Debug|Any CPU
		{0D03ABC5-72A1-4263-B2DA-769C2768C0AA}.Release|Any CPU.ActiveCfg = Release|Any CPU
		{0D03ABC5-72A1-4263-B2DA-769C2768C0AA}.Release|Any CPU.Build.0 = Release|Any CPU
		{F6F688E5-E6FC-4746-BF04-CE648D8A9431}.Debug|Any CPU.ActiveCfg = Debug|Any CPU
		{F6F688E5-E6FC-4746-BF04-CE648D8A9431}.Debug|Any CPU.Build.0 = Debug|Any CPU
		{F6F688E5-E6FC-4746-BF04-CE648D8A9431}.Release|Any CPU.ActiveCfg = Release|Any CPU
		{F6F688E5-E6FC-4746-BF04-CE648D8A9431}.Release|Any CPU.Build.0 = Release|Any CPU
		{BBD6B01A-F731-469D-B1FB-833F9E0618DE}.Debug|Any CPU.ActiveCfg = Debug|Any CPU
		{BBD6B01A-F731-469D-B1FB-833F9E0618DE}.Debug|Any CPU.Build.0 = Debug|Any CPU
		{BBD6B01A-F731-469D-B1FB-833F9E0618DE}.Release|Any CPU.ActiveCfg = Release|Any CPU
		{BBD6B01A-F731-469D-B1FB-833F9E0618DE}.Release|Any CPU.Build.0 = Release|Any CPU
		{C76D7214-713E-468C-BD17-035BCE9A8B8C}.Debug|Any CPU.ActiveCfg = Debug|Any CPU
		{C76D7214-713E-468C-BD17-035BCE9A8B8C}.Debug|Any CPU.Build.0 = Debug|Any CPU
		{C76D7214-713E-468C-BD17-035BCE9A8B8C}.Release|Any CPU.ActiveCfg = Release|Any CPU
		{C76D7214-713E-468C-BD17-035BCE9A8B8C}.Release|Any CPU.Build.0 = Release|Any CPU
		{CDBD437F-ED66-4CB4-9D0A-CCB9F92F12A8}.Debug|Any CPU.ActiveCfg = Debug|Any CPU
		{CDBD437F-ED66-4CB4-9D0A-CCB9F92F12A8}.Debug|Any CPU.Build.0 = Debug|Any CPU
		{CDBD437F-ED66-4CB4-9D0A-CCB9F92F12A8}.Release|Any CPU.ActiveCfg = Release|Any CPU
		{CDBD437F-ED66-4CB4-9D0A-CCB9F92F12A8}.Release|Any CPU.Build.0 = Release|Any CPU
		{128E04A3-D129-4DC8-BB74-11F6A541C17F}.Debug|Any CPU.ActiveCfg = Debug|Any CPU
		{128E04A3-D129-4DC8-BB74-11F6A541C17F}.Debug|Any CPU.Build.0 = Debug|Any CPU
		{128E04A3-D129-4DC8-BB74-11F6A541C17F}.Release|Any CPU.ActiveCfg = Release|Any CPU
		{128E04A3-D129-4DC8-BB74-11F6A541C17F}.Release|Any CPU.Build.0 = Release|Any CPU
	EndGlobalSection
	GlobalSection(SolutionProperties) = preSolution
		HideSolutionNode = FALSE
	EndGlobalSection
	GlobalSection(NestedProjects) = preSolution
		{245351CA-E11E-4C2E-BC99-3748BDE016AC} = {73CC7EA3-1076-4219-9B5C-56F871BEF943}
		{3B228A4D-5AF7-4AD2-B72F-CF994CA9DA7F} = {B414D3B7-1B64-41E0-A845-2DF66483CBB0}
		{6C8EA21E-CEB2-4922-8244-54ED7C2E8AB8} = {B414D3B7-1B64-41E0-A845-2DF66483CBB0}
		{F40092D9-36F9-4FAC-A27F-593E5550F616} = {155E5388-F8F2-4480-B0E9-035389DC59D7}
		{24B15239-2AB3-473A-B43C-F16635D2FE8F} = {F40092D9-36F9-4FAC-A27F-593E5550F616}
		{42CB1C73-96C0-43B5-9C8B-43056AAE4DE6} = {155E5388-F8F2-4480-B0E9-035389DC59D7}
		{5A62E2C0-F8BA-49D5-B4A9-C81550331BD2} = {155E5388-F8F2-4480-B0E9-035389DC59D7}
		{FFAFB029-FA6C-45C0-94BF-66A6148164A2} = {5A62E2C0-F8BA-49D5-B4A9-C81550331BD2}
		{B69E6C34-5F36-4902-94EC-3B6AAC6924B0} = {5A62E2C0-F8BA-49D5-B4A9-C81550331BD2}
		{0D03ABC5-72A1-4263-B2DA-769C2768C0AA} = {5A62E2C0-F8BA-49D5-B4A9-C81550331BD2}
		{F6F688E5-E6FC-4746-BF04-CE648D8A9431} = {C706B5AC-4438-4287-B6F4-082F185A8BD1}
		{BBD6B01A-F731-469D-B1FB-833F9E0618DE} = {84378EFE-C02B-4C50-821A-E0DEA4CEE7B2}
		{C76D7214-713E-468C-BD17-035BCE9A8B8C} = {42CB1C73-96C0-43B5-9C8B-43056AAE4DE6}
		{CDBD437F-ED66-4CB4-9D0A-CCB9F92F12A8} = {42CB1C73-96C0-43B5-9C8B-43056AAE4DE6}
		{128E04A3-D129-4DC8-BB74-11F6A541C17F} = {42CB1C73-96C0-43B5-9C8B-43056AAE4DE6}
	EndGlobalSection
	GlobalSection(ExtensibilityGlobals) = postSolution
		SolutionGuid = {EE0D8AEE-5CAD-49EF-98AE-C662DDB748EE}
	EndGlobalSection
EndGlobal
